
Microsoft Visual Studio Solution File, Format Version 12.00
# Visual Studio 15
VisualStudioVersion = 15.0.28307.421
MinimumVisualStudioVersion = 10.0.40219.1
Project("{8BC9CEB8-8B4A-11D0-8D11-00A0C91BC942}") = "LAB_02_TASK_04", "LAB_02_TASK_04\LAB_02_TASK_04.vcxproj", "{54E3A4F3-8141-4743-A98C-07D1C39E2472}"
EndProject
Global
	GlobalSection(SolutionConfigurationPlatforms) = preSolution
		Debug|x64 = Debug|x64
		Debug|x86 = Debug|x86
		Release|x64 = Release|x64
		Release|x86 = Release|x86
	EndGlobalSection
	GlobalSection(ProjectConfigurationPlatforms) = postSolution
		{54E3A4F3-8141-4743-A98C-07D1C39E2472}.Debug|x64.ActiveCfg = Debug|x64
		{54E3A4F3-8141-4743-A98C-07D1C39E2472}.Debug|x64.Build.0 = Debug|x64
		{54E3A4F3-8141-4743-A98C-07D1C39E2472}.Debug|x86.ActiveCfg = Debug|Win32
		{54E3A4F3-8141-4743-A98C-07D1C39E2472}.Debug|x86.Build.0 = Debug|Win32
		{54E3A4F3-8141-4743-A98C-07D1C39E2472}.Release|x64.ActiveCfg = Release|x64
		{54E3A4F3-8141-4743-A98C-07D1C39E2472}.Release|x64.Build.0 = Release|x64
		{54E3A4F3-8141-4743-A98C-07D1C39E2472}.Release|x86.ActiveCfg = Release|Win32
		{54E3A4F3-8141-4743-A98C-07D1C39E2472}.Release|x86.Build.0 = Release|Win32
	EndGlobalSection
	GlobalSection(SolutionProperties) = preSolution
		HideSolutionNode = FALSE
	EndGlobalSection
	GlobalSection(ExtensibilityGlobals) = postSolution
		SolutionGuid = {38261314-2114-40BC-B126-2FE4645EF443}
	EndGlobalSection
EndGlobal
