
Microsoft Visual Studio Solution File, Format Version 12.00
# Visual Studio 15
VisualStudioVersion = 15.0.28307.421
MinimumVisualStudioVersion = 10.0.40219.1
Project("{8BC9CEB8-8B4A-11D0-8D11-00A0C91BC942}") = "LAB_02_TASK_03", "LAB_02_TASK_03\LAB_02_TASK_03.vcxproj", "{680C3FFD-DF94-423E-BC4A-997D2ACEE674}"
EndProject
Global
	GlobalSection(SolutionConfigurationPlatforms) = preSolution
		Debug|x64 = Debug|x64
		Debug|x86 = Debug|x86
		Release|x64 = Release|x64
		Release|x86 = Release|x86
	EndGlobalSection
	GlobalSection(ProjectConfigurationPlatforms) = postSolution
		{680C3FFD-DF94-423E-BC4A-997D2ACEE674}.Debug|x64.ActiveCfg = Debug|x64
		{680C3FFD-DF94-423E-BC4A-997D2ACEE674}.Debug|x64.Build.0 = Debug|x64
		{680C3FFD-DF94-423E-BC4A-997D2ACEE674}.Debug|x86.ActiveCfg = Debug|Win32
		{680C3FFD-DF94-423E-BC4A-997D2ACEE674}.Debug|x86.Build.0 = Debug|Win32
		{680C3FFD-DF94-423E-BC4A-997D2ACEE674}.Release|x64.ActiveCfg = Release|x64
		{680C3FFD-DF94-423E-BC4A-997D2ACEE674}.Release|x64.Build.0 = Release|x64
		{680C3FFD-DF94-423E-BC4A-997D2ACEE674}.Release|x86.ActiveCfg = Release|Win32
		{680C3FFD-DF94-423E-BC4A-997D2ACEE674}.Release|x86.Build.0 = Release|Win32
	EndGlobalSection
	GlobalSection(SolutionProperties) = preSolution
		HideSolutionNode = FALSE
	EndGlobalSection
	GlobalSection(ExtensibilityGlobals) = postSolution
		SolutionGuid = {9C608028-98A4-4547-A531-A306469B47FC}
	EndGlobalSection
EndGlobal
